
Microsoft Visual Studio Solution File, Format Version 12.00
# Visual Studio Version 17
VisualStudioVersion = 17.9.34701.34
MinimumVisualStudioVersion = 10.0.40219.1
Project("{FAE04EC0-301F-11D3-BF4B-00C04F79EFBC}") = "Workshop4", "Workshop4\Workshop4.csproj", "{3BE0BE86-3362-4C53-B719-AEF1FA3DB856}"
EndProject
Global
	GlobalSection(SolutionConfigurationPlatforms) = preSolution
		Debug|Any CPU = Debug|Any CPU
		Release|Any CPU = Release|Any CPU
	EndGlobalSection
	GlobalSection(ProjectConfigurationPlatforms) = postSolution
		{3BE0BE86-3362-4C53-B719-AEF1FA3DB856}.Debug|Any CPU.ActiveCfg = Debug|Any CPU
		{3BE0BE86-3362-4C53-B719-AEF1FA3DB856}.Debug|Any CPU.Build.0 = Debug|Any CPU
		{3BE0BE86-3362-4C53-B719-AEF1FA3DB856}.Release|Any CPU.ActiveCfg = Release|Any CPU
		{3BE0BE86-3362-4C53-B719-AEF1FA3DB856}.Release|Any CPU.Build.0 = Release|Any CPU
	EndGlobalSection
	GlobalSection(SolutionProperties) = preSolution
		HideSolutionNode = FALSE
	EndGlobalSection
	GlobalSection(ExtensibilityGlobals) = postSolution
		SolutionGuid = {E12DCA5B-009D-457F-BE12-EF38AE024FBA}
	EndGlobalSection
EndGlobal
